<?xml version="1.0" encoding="utf-8"?>
<Project ToolsVersion="4.0" xmlns="http://schemas.microsoft.com/developer/msbuild/2003">
  <ItemGroup>
    <Filter Include="Source Files">
      <UniqueIdentifier>{4FC737F1-C7A5-4376-A066-2A32D752A2FF}</UniqueIdentifier>
      <Extensions>cpp;c;cc;cxx;c++;cppm;ixx;def;odl;idl;hpj;bat;asm;asmx</Extensions>
    </Filter>
    <Filter Include="Header Files">
      <UniqueIdentifier>{93995380-89BD-4b04-88EB-625FBE52EBFB}</UniqueIdentifier>
      <Extensions>h;hh;hpp;hxx;h++;hm;inl;inc;ipp;xsd</Extensions>
    </Filter>
    <Filter Include="Resource Files">
      <UniqueIdentifier>{67DA6AB6-F800-4c08-8B7A-83BB121AAD01}</UniqueIdentifier>
      <Extensions>rc;ico;cur;bmp;dlg;rc2;rct;bin;rgs;gif;jpg;jpeg;jpe;resx;tiff;tif;png;wav;mfcribbon-ms</Extensions>
    </Filter>
    <Filter Include="base">
      <UniqueIdentifier>{fe5400d7-8347-4ef1-a084-053ebda0387c}</UniqueIdentifier>
    </Filter>
    <Filter Include="base\Input Output">
      <UniqueIdentifier>{1af52051-440a-44ba-b928-473f7774aee6}</UniqueIdentifier>
    </Filter>
    <Filter Include="base\Systems">
      <UniqueIdentifier>{2d0dbfff-fcb4-48cd-b516-694b2ed1195e}</UniqueIdentifier>
    </Filter>
    <Filter Include="helper">
      <UniqueIdentifier>{e5b50ff1-7208-4252-924f-f058ee8bf29f}</UniqueIdentifier>
    </Filter>
  </ItemGroup>
  <ItemGroup>
    <ClCompile Include="main.cpp">
      <Filter>Source Files</Filter>
    </ClCompile>
    <ClCompile Include="base\Application.cpp">
      <Filter>base</Filter>
    </ClCompile>
    <ClCompile Include="base\KeyboardHandler.cpp">
      <Filter>base\Input Output</Filter>
    </ClCompile>
    <ClCompile Include="base\MouseHandler.cpp">
      <Filter>base\Input Output</Filter>
    </ClCompile>
    <ClCompile Include="base\Console.cpp">
      <Filter>base\Input Output</Filter>
    </ClCompile>
    <ClCompile Include="base\FrameRateHandler.cpp">
      <Filter>base\Systems</Filter>
    </ClCompile>
    <ClCompile Include="helper\CSV_Reader.cpp">
      <Filter>helper</Filter>
    </ClCompile>
    <ClCompile Include="helper\StringHelper.cpp">
      <Filter>helper</Filter>
    </ClCompile>
    <ClCompile Include="base\SceneManager.cpp">
      <Filter>base\Systems</Filter>
    </ClCompile>
  </ItemGroup>
  <ItemGroup>
    <ClInclude Include="base\Application.h">
      <Filter>base</Filter>
    </ClInclude>
    <ClInclude Include="base\SingletonTemplate.h">
      <Filter>base</Filter>
    </ClInclude>
    <ClInclude Include="base\MouseHandler.h">
      <Filter>base\Input Output</Filter>
    </ClInclude>
    <ClInclude Include="base\KeyboardHandler.h">
      <Filter>base\Input Output</Filter>
    </ClInclude>
    <ClInclude Include="base\Console.h">
      <Filter>base\Input Output</Filter>
    </ClInclude>
    <ClInclude Include="base\FrameRateHandler.h">
      <Filter>base\Systems</Filter>
    </ClInclude>
    <ClInclude Include="helper\CSV_Reader.h">
      <Filter>helper</Filter>
    </ClInclude>
    <ClInclude Include="helper\StringHelper.h">
      <Filter>helper</Filter>
    </ClInclude>
    <ClInclude Include="base\BaseScene.h">
      <Filter>base\Systems</Filter>
    </ClInclude>
    <ClInclude Include="base\SceneManager.h">
      <Filter>base\Systems</Filter>
    </ClInclude>
  </ItemGroup>
</Project>