<?xml version="1.0" encoding="utf-8"?>
<Project ToolsVersion="4.0" xmlns="http://schemas.microsoft.com/developer/msbuild/2003">
  <ItemGroup>
    <Filter Include="Source Files">
      <UniqueIdentifier>{4FC737F1-C7A5-4376-A066-2A32D752A2FF}</UniqueIdentifier>
      <Extensions>cpp;c;cc;cxx;c++;cppm;ixx;def;odl;idl;hpj;bat;asm;asmx</Extensions>
    </Filter>
    <Filter Include="Header Files">
      <UniqueIdentifier>{93995380-89BD-4b04-88EB-625FBE52EBFB}</UniqueIdentifier>
      <Extensions>h;hh;hpp;hxx;h++;hm;inl;inc;ipp;xsd</Extensions>
    </Filter>
    <Filter Include="Resource Files">
      <UniqueIdentifier>{67DA6AB6-F800-4c08-8B7A-83BB121AAD01}</UniqueIdentifier>
      <Extensions>rc;ico;cur;bmp;dlg;rc2;rct;bin;rgs;gif;jpg;jpeg;jpe;resx;tiff;tif;png;wav;mfcribbon-ms</Extensions>
    </Filter>
  </ItemGroup>
  <ItemGroup>
    <ClInclude Include="source\BaseScene.h">
      <Filter>Header Files</Filter>
    </ClInclude>
    <ClInclude Include="source\ConfigFile.h">
      <Filter>Header Files</Filter>
    </ClInclude>
    <ClInclude Include="source\Console.h">
      <Filter>Header Files</Filter>
    </ClInclude>
    <ClInclude Include="source\CSV_Reader.h">
      <Filter>Header Files</Filter>
    </ClInclude>
    <ClInclude Include="source\FrameRateHandler.h">
      <Filter>Header Files</Filter>
    </ClInclude>
    <ClInclude Include="source\KeyboardHandler.h">
      <Filter>Header Files</Filter>
    </ClInclude>
    <ClInclude Include="source\MouseHandler.h">
      <Filter>Header Files</Filter>
    </ClInclude>
    <ClInclude Include="source\SceneDefault.h">
      <Filter>Header Files</Filter>
    </ClInclude>
    <ClInclude Include="source\SceneManager.h">
      <Filter>Header Files</Filter>
    </ClInclude>
    <ClInclude Include="source\SingletonTemplate.h">
      <Filter>Header Files</Filter>
    </ClInclude>
    <ClInclude Include="source\StringHelper.h">
      <Filter>Header Files</Filter>
    </ClInclude>
    <ClInclude Include="source\SoundClass.h">
      <Filter>Header Files</Filter>
    </ClInclude>
  </ItemGroup>
  <ItemGroup>
    <ClCompile Include="source\Console.cpp">
      <Filter>Source Files</Filter>
    </ClCompile>
    <ClCompile Include="source\CSV_Reader.cpp">
      <Filter>Source Files</Filter>
    </ClCompile>
    <ClCompile Include="source\FrameRateHandler.cpp">
      <Filter>Source Files</Filter>
    </ClCompile>
    <ClCompile Include="source\KeyboardHandler.cpp">
      <Filter>Source Files</Filter>
    </ClCompile>
    <ClCompile Include="source\MouseHandler.cpp">
      <Filter>Source Files</Filter>
    </ClCompile>
    <ClCompile Include="source\SceneDefault.cpp">
      <Filter>Source Files</Filter>
    </ClCompile>
    <ClCompile Include="source\SceneManager.cpp">
      <Filter>Source Files</Filter>
    </ClCompile>
    <ClCompile Include="source\StringHelper.cpp">
      <Filter>Source Files</Filter>
    </ClCompile>
    <ClCompile Include="source\SoundClass.cpp">
      <Filter>Source Files</Filter>
    </ClCompile>
  </ItemGroup>
</Project>